
Microsoft Visual Studio Solution File, Format Version 12.00
# Visual Studio Version 17
VisualStudioVersion = 17.7.34031.279
MinimumVisualStudioVersion = 10.0.40219.1
Project("{2150E333-8FDC-42A3-9474-1A3956D46DE8}") = "Task0", "Task0", "{8840515A-FC90-4A89-8CEE-27796D6F131E}"
EndProject
Project("{FAE04EC0-301F-11D3-BF4B-00C04F79EFBC}") = "Tyuiu.AgafonovKS.Sprint1.Task0.V26", "Tyuiu.AgafonovKS.Sprint1.Task0.V26\Tyuiu.AgafonovKS.Sprint1.Task0.V26.csproj", "{23E4FCD7-16A5-40E2-94A2-03CC2AEC4104}"
EndProject
Project("{FAE04EC0-301F-11D3-BF4B-00C04F79EFBC}") = "Tyuiu.AgafonovKS.Sprint1.Task0.V26.Lib", "Tyuiu.AgafonovKS.Sprint1.Task0.V26.Lib\Tyuiu.AgafonovKS.Sprint1.Task0.V26.Lib.csproj", "{146E14CD-DB31-407A-8601-DBEDC2DE7F87}"
EndProject
Project("{FAE04EC0-301F-11D3-BF4B-00C04F79EFBC}") = "Tyuiu.AgafonovKS.Sprint1.Task0.V26.Test", "Tyuiu.AgafonovKS.Sprint1.Task0.V26.Test\Tyuiu.AgafonovKS.Sprint1.Task0.V26.Test.csproj", "{C71796C5-FEC5-4388-86F8-AA17F7A46CB4}"
EndProject
Project("{2150E333-8FDC-42A3-9474-1A3956D46DE8}") = "Task1", "Task1", "{66A93CA4-8F36-4997-AD47-B2B9EE0ACD21}"
EndProject
Project("{FAE04EC0-301F-11D3-BF4B-00C04F79EFBC}") = "Tyuiu.AgafonovKS.Sprint1.Task1.V13", "Tyuiu.AgafonovKS.Sprint1.Task1.V13\Tyuiu.AgafonovKS.Sprint1.Task1.V13.csproj", "{1D06E63F-1BB1-4872-BED5-BC700AD1328D}"
EndProject
Project("{FAE04EC0-301F-11D3-BF4B-00C04F79EFBC}") = "Tyuiu.AgafonovKS.Sprint1.Task1.V13.Lib", "Tyuiu.AgafonovKS.Sprint1.Task1.V13.Lib\Tyuiu.AgafonovKS.Sprint1.Task1.V13.Lib.csproj", "{32900CB1-014F-434A-B0FE-9837B3FC971D}"
EndProject
Project("{FAE04EC0-301F-11D3-BF4B-00C04F79EFBC}") = "Tyuiu.AgafonovKS.Sprint1.Task1.V13.Test", "Tyuiu.AgafonovKS.Sprint1.Task1.V13.Test\Tyuiu.AgafonovKS.Sprint1.Task1.V13.Test.csproj", "{A7584025-6EEF-446C-B868-F3EC9A329EEE}"
EndProject
Project("{2150E333-8FDC-42A3-9474-1A3956D46DE8}") = "Task2", "Task2", "{A1D2715E-F04D-4D1D-9AD6-725FCE7461F7}"
EndProject
Project("{FAE04EC0-301F-11D3-BF4B-00C04F79EFBC}") = "Tyuiu.AgafonovKS.Sprint1.Task2.V1", "Tyuiu.AgafonovKS.Sprint1.Task2.V1\Tyuiu.AgafonovKS.Sprint1.Task2.V1.csproj", "{09998A1F-0460-4E28-B9C7-5F16891049F5}"
EndProject
Project("{FAE04EC0-301F-11D3-BF4B-00C04F79EFBC}") = "Tyuiu.AgafonovKS.Sprint1.Task2.V1.Lib", "Tyuiu.AgafonovKS.Sprint1.Task2.V1.Lib\Tyuiu.AgafonovKS.Sprint1.Task2.V1.Lib.csproj", "{C4418CF1-893E-40ED-9B44-9B489B02A6D7}"
EndProject
Project("{FAE04EC0-301F-11D3-BF4B-00C04F79EFBC}") = "Tyuiu.AgafonovKS.Sprint1.Task2.V1.Test", "Tyuiu.AgafonovKS.Sprint1.Task2.V1.Test\Tyuiu.AgafonovKS.Sprint1.Task2.V1.Test.csproj", "{58F98D85-AEFE-4F6F-94B6-DACE81B90DB9}"
EndProject
Project("{2150E333-8FDC-42A3-9474-1A3956D46DE8}") = "Task3", "Task3", "{56C4744E-E780-47E2-AA91-5FE19F60DD3C}"
EndProject
Project("{FAE04EC0-301F-11D3-BF4B-00C04F79EFBC}") = "Tyuiu.AgafonovKS.Sprint1.Task3.V1", "Tyuiu.AgafonovKS.Sprint1.Task3.V1\Tyuiu.AgafonovKS.Sprint1.Task3.V1.csproj", "{4439DBDF-EC7A-4156-8F3C-738A0473CB0D}"
EndProject
Project("{FAE04EC0-301F-11D3-BF4B-00C04F79EFBC}") = "Tyuiu.AgafonovKS.Sprint1.Task3.V1.Lib", "Tyuiu.AgafonovKS.Sprint1.Task3.V1.Lib\Tyuiu.AgafonovKS.Sprint1.Task3.V1.Lib.csproj", "{45E2DEDD-E254-4E85-A8BE-C78DC9AA2B99}"
EndProject
Project("{FAE04EC0-301F-11D3-BF4B-00C04F79EFBC}") = "Tyuiu.AgafonovKS.Sprint1.Task3.V1.Test", "Tyuiu.AgafonovKS.Sprint1.Task3.V1.Test\Tyuiu.AgafonovKS.Sprint1.Task3.V1.Test.csproj", "{EF6F3DC0-3C42-4156-85BC-99AC93DB6A77}"
EndProject
Project("{2150E333-8FDC-42A3-9474-1A3956D46DE8}") = "Task4", "Task4", "{AA3CABF2-C82E-4571-9DA9-779E95F9CC49}"
EndProject
Project("{FAE04EC0-301F-11D3-BF4B-00C04F79EFBC}") = "Tyuiu.AgafonovKS.Sprint1.Task4.V25", "Tyuiu.AgafonovKS.Sprint1.Task4.V25\Tyuiu.AgafonovKS.Sprint1.Task4.V25.csproj", "{888A8E1E-644D-496D-B14C-39DF0509D784}"
EndProject
Project("{FAE04EC0-301F-11D3-BF4B-00C04F79EFBC}") = "Tyuiu.AgafonovKS.Sprint1.Task4.V25.Lib", "Tyuiu.AgafonovKS.Sprint1.Task4.V25.Lib\Tyuiu.AgafonovKS.Sprint1.Task4.V25.Lib.csproj", "{AAAC06FC-C5D2-4884-8334-BA97DC3F4C66}"
EndProject
Project("{FAE04EC0-301F-11D3-BF4B-00C04F79EFBC}") = "Tyuiu.AgafonovKS.Sprint1.Task4.V25.Test", "Tyuiu.AgafonovKS.Sprint1.Task4.V25.Test\Tyuiu.AgafonovKS.Sprint1.Task4.V25.Test.csproj", "{B0EA79BC-6E3B-4A4D-B183-AF5A9703847A}"
EndProject
Project("{2150E333-8FDC-42A3-9474-1A3956D46DE8}") = "Task5", "Task5", "{C9716C11-27F9-4B4F-9950-0C9ECCC92F99}"
EndProject
Project("{FAE04EC0-301F-11D3-BF4B-00C04F79EFBC}") = "Tyuiu.AgafonovKS.Sprint1.Task5.V4", "Tyuiu.AgafonovKS.Sprint1.Task5.V4\Tyuiu.AgafonovKS.Sprint1.Task5.V4.csproj", "{38EC9EF3-42C1-4810-8A8F-26DD8C079ADD}"
EndProject
Project("{FAE04EC0-301F-11D3-BF4B-00C04F79EFBC}") = "Tyuiu.AgafonovKS.Sprint1.Task5.V4.Lib", "Tyuiu.AgafonovKS.Sprint1.Task5.V4.Lib\Tyuiu.AgafonovKS.Sprint1.Task5.V4.Lib.csproj", "{56A4C405-4C15-4DDA-A41D-84A623976D67}"
EndProject
Project("{FAE04EC0-301F-11D3-BF4B-00C04F79EFBC}") = "Tyuiu.AgafonovKS.Sprint1.Task5.V4.Test", "Tyuiu.AgafonovKS.Sprint1.Task5.V4.Test\Tyuiu.AgafonovKS.Sprint1.Task5.V4.Test.csproj", "{39E4F9A4-0DCE-4B98-B598-A0B695447720}"
EndProject
Global
	GlobalSection(SolutionConfigurationPlatforms) = preSolution
		Debug|Any CPU = Debug|Any CPU
		Release|Any CPU = Release|Any CPU
	EndGlobalSection
	GlobalSection(ProjectConfigurationPlatforms) = postSolution
		{23E4FCD7-16A5-40E2-94A2-03CC2AEC4104}.Debug|Any CPU.ActiveCfg = Debug|Any CPU
		{23E4FCD7-16A5-40E2-94A2-03CC2AEC4104}.Debug|Any CPU.Build.0 = Debug|Any CPU
		{23E4FCD7-16A5-40E2-94A2-03CC2AEC4104}.Release|Any CPU.ActiveCfg = Release|Any CPU
		{23E4FCD7-16A5-40E2-94A2-03CC2AEC4104}.Release|Any CPU.Build.0 = Release|Any CPU
		{146E14CD-DB31-407A-8601-DBEDC2DE7F87}.Debug|Any CPU.ActiveCfg = Debug|Any CPU
		{146E14CD-DB31-407A-8601-DBEDC2DE7F87}.Debug|Any CPU.Build.0 = Debug|Any CPU
		{146E14CD-DB31-407A-8601-DBEDC2DE7F87}.Release|Any CPU.ActiveCfg = Release|Any CPU
		{146E14CD-DB31-407A-8601-DBEDC2DE7F87}.Release|Any CPU.Build.0 = Release|Any CPU
		{C71796C5-FEC5-4388-86F8-AA17F7A46CB4}.Debug|Any CPU.ActiveCfg = Debug|Any CPU
		{C71796C5-FEC5-4388-86F8-AA17F7A46CB4}.Debug|Any CPU.Build.0 = Debug|Any CPU
		{C71796C5-FEC5-4388-86F8-AA17F7A46CB4}.Release|Any CPU.ActiveCfg = Release|Any CPU
		{C71796C5-FEC5-4388-86F8-AA17F7A46CB4}.Release|Any CPU.Build.0 = Release|Any CPU
		{1D06E63F-1BB1-4872-BED5-BC700AD1328D}.Debug|Any CPU.ActiveCfg = Debug|Any CPU
		{1D06E63F-1BB1-4872-BED5-BC700AD1328D}.Debug|Any CPU.Build.0 = Debug|Any CPU
		{1D06E63F-1BB1-4872-BED5-BC700AD1328D}.Release|Any CPU.ActiveCfg = Release|Any CPU
		{1D06E63F-1BB1-4872-BED5-BC700AD1328D}.Release|Any CPU.Build.0 = Release|Any CPU
		{32900CB1-014F-434A-B0FE-9837B3FC971D}.Debug|Any CPU.ActiveCfg = Debug|Any CPU
		{32900CB1-014F-434A-B0FE-9837B3FC971D}.Debug|Any CPU.Build.0 = Debug|Any CPU
		{32900CB1-014F-434A-B0FE-9837B3FC971D}.Release|Any CPU.ActiveCfg = Release|Any CPU
		{32900CB1-014F-434A-B0FE-9837B3FC971D}.Release|Any CPU.Build.0 = Release|Any CPU
		{A7584025-6EEF-446C-B868-F3EC9A329EEE}.Debug|Any CPU.ActiveCfg = Debug|Any CPU
		{A7584025-6EEF-446C-B868-F3EC9A329EEE}.Debug|Any CPU.Build.0 = Debug|Any CPU
		{A7584025-6EEF-446C-B868-F3EC9A329EEE}.Release|Any CPU.ActiveCfg = Release|Any CPU
		{A7584025-6EEF-446C-B868-F3EC9A329EEE}.Release|Any CPU.Build.0 = Release|Any CPU
		{09998A1F-0460-4E28-B9C7-5F16891049F5}.Debug|Any CPU.ActiveCfg = Debug|Any CPU
		{09998A1F-0460-4E28-B9C7-5F16891049F5}.Debug|Any CPU.Build.0 = Debug|Any CPU
		{09998A1F-0460-4E28-B9C7-5F16891049F5}.Release|Any CPU.ActiveCfg = Release|Any CPU
		{09998A1F-0460-4E28-B9C7-5F16891049F5}.Release|Any CPU.Build.0 = Release|Any CPU
		{C4418CF1-893E-40ED-9B44-9B489B02A6D7}.Debug|Any CPU.ActiveCfg = Debug|Any CPU
		{C4418CF1-893E-40ED-9B44-9B489B02A6D7}.Debug|Any CPU.Build.0 = Debug|Any CPU
		{C4418CF1-893E-40ED-9B44-9B489B02A6D7}.Release|Any CPU.ActiveCfg = Release|Any CPU
		{C4418CF1-893E-40ED-9B44-9B489B02A6D7}.Release|Any CPU.Build.0 = Release|Any CPU
		{58F98D85-AEFE-4F6F-94B6-DACE81B90DB9}.Debug|Any CPU.ActiveCfg = Debug|Any CPU
		{58F98D85-AEFE-4F6F-94B6-DACE81B90DB9}.Debug|Any CPU.Build.0 = Debug|Any CPU
		{58F98D85-AEFE-4F6F-94B6-DACE81B90DB9}.Release|Any CPU.ActiveCfg = Release|Any CPU
		{58F98D85-AEFE-4F6F-94B6-DACE81B90DB9}.Release|Any CPU.Build.0 = Release|Any CPU
		{4439DBDF-EC7A-4156-8F3C-738A0473CB0D}.Debug|Any CPU.ActiveCfg = Debug|Any CPU
		{4439DBDF-EC7A-4156-8F3C-738A0473CB0D}.Debug|Any CPU.Build.0 = Debug|Any CPU
		{4439DBDF-EC7A-4156-8F3C-738A0473CB0D}.Release|Any CPU.ActiveCfg = Release|Any CPU
		{4439DBDF-EC7A-4156-8F3C-738A0473CB0D}.Release|Any CPU.Build.0 = Release|Any CPU
		{45E2DEDD-E254-4E85-A8BE-C78DC9AA2B99}.Debug|Any CPU.ActiveCfg = Debug|Any CPU
		{45E2DEDD-E254-4E85-A8BE-C78DC9AA2B99}.Debug|Any CPU.Build.0 = Debug|Any CPU
		{45E2DEDD-E254-4E85-A8BE-C78DC9AA2B99}.Release|Any CPU.ActiveCfg = Release|Any CPU
		{45E2DEDD-E254-4E85-A8BE-C78DC9AA2B99}.Release|Any CPU.Build.0 = Release|Any CPU
		{EF6F3DC0-3C42-4156-85BC-99AC93DB6A77}.Debug|Any CPU.ActiveCfg = Debug|Any CPU
		{EF6F3DC0-3C42-4156-85BC-99AC93DB6A77}.Debug|Any CPU.Build.0 = Debug|Any CPU
		{EF6F3DC0-3C42-4156-85BC-99AC93DB6A77}.Release|Any CPU.ActiveCfg = Release|Any CPU
		{EF6F3DC0-3C42-4156-85BC-99AC93DB6A77}.Release|Any CPU.Build.0 = Release|Any CPU
		{888A8E1E-644D-496D-B14C-39DF0509D784}.Debug|Any CPU.ActiveCfg = Debug|Any CPU
		{888A8E1E-644D-496D-B14C-39DF0509D784}.Debug|Any CPU.Build.0 = Debug|Any CPU
		{888A8E1E-644D-496D-B14C-39DF0509D784}.Release|Any CPU.ActiveCfg = Release|Any CPU
		{888A8E1E-644D-496D-B14C-39DF0509D784}.Release|Any CPU.Build.0 = Release|Any CPU
		{AAAC06FC-C5D2-4884-8334-BA97DC3F4C66}.Debug|Any CPU.ActiveCfg = Debug|Any CPU
		{AAAC06FC-C5D2-4884-8334-BA97DC3F4C66}.Debug|Any CPU.Build.0 = Debug|Any CPU
		{AAAC06FC-C5D2-4884-8334-BA97DC3F4C66}.Release|Any CPU.ActiveCfg = Release|Any CPU
		{AAAC06FC-C5D2-4884-8334-BA97DC3F4C66}.Release|Any CPU.Build.0 = Release|Any CPU
		{B0EA79BC-6E3B-4A4D-B183-AF5A9703847A}.Debug|Any CPU.ActiveCfg = Debug|Any CPU
		{B0EA79BC-6E3B-4A4D-B183-AF5A9703847A}.Debug|Any CPU.Build.0 = Debug|Any CPU
		{B0EA79BC-6E3B-4A4D-B183-AF5A9703847A}.Release|Any CPU.ActiveCfg = Release|Any CPU
		{B0EA79BC-6E3B-4A4D-B183-AF5A9703847A}.Release|Any CPU.Build.0 = Release|Any CPU
		{38EC9EF3-42C1-4810-8A8F-26DD8C079ADD}.Debug|Any CPU.ActiveCfg = Debug|Any CPU
		{38EC9EF3-42C1-4810-8A8F-26DD8C079ADD}.Debug|Any CPU.Build.0 = Debug|Any CPU
		{38EC9EF3-42C1-4810-8A8F-26DD8C079ADD}.Release|Any CPU.ActiveCfg = Release|Any CPU
		{38EC9EF3-42C1-4810-8A8F-26DD8C079ADD}.Release|Any CPU.Build.0 = Release|Any CPU
		{56A4C405-4C15-4DDA-A41D-84A623976D67}.Debug|Any CPU.ActiveCfg = Debug|Any CPU
		{56A4C405-4C15-4DDA-A41D-84A623976D67}.Debug|Any CPU.Build.0 = Debug|Any CPU
		{56A4C405-4C15-4DDA-A41D-84A623976D67}.Release|Any CPU.ActiveCfg = Release|Any CPU
		{56A4C405-4C15-4DDA-A41D-84A623976D67}.Release|Any CPU.Build.0 = Release|Any CPU
		{39E4F9A4-0DCE-4B98-B598-A0B695447720}.Debug|Any CPU.ActiveCfg = Debug|Any CPU
		{39E4F9A4-0DCE-4B98-B598-A0B695447720}.Debug|Any CPU.Build.0 = Debug|Any CPU
		{39E4F9A4-0DCE-4B98-B598-A0B695447720}.Release|Any CPU.ActiveCfg = Release|Any CPU
		{39E4F9A4-0DCE-4B98-B598-A0B695447720}.Release|Any CPU.Build.0 = Release|Any CPU
	EndGlobalSection
	GlobalSection(SolutionProperties) = preSolution
		HideSolutionNode = FALSE
	EndGlobalSection
	GlobalSection(NestedProjects) = preSolution
		{23E4FCD7-16A5-40E2-94A2-03CC2AEC4104} = {8840515A-FC90-4A89-8CEE-27796D6F131E}
		{146E14CD-DB31-407A-8601-DBEDC2DE7F87} = {8840515A-FC90-4A89-8CEE-27796D6F131E}
		{C71796C5-FEC5-4388-86F8-AA17F7A46CB4} = {8840515A-FC90-4A89-8CEE-27796D6F131E}
		{1D06E63F-1BB1-4872-BED5-BC700AD1328D} = {66A93CA4-8F36-4997-AD47-B2B9EE0ACD21}
		{32900CB1-014F-434A-B0FE-9837B3FC971D} = {66A93CA4-8F36-4997-AD47-B2B9EE0ACD21}
		{A7584025-6EEF-446C-B868-F3EC9A329EEE} = {66A93CA4-8F36-4997-AD47-B2B9EE0ACD21}
		{09998A1F-0460-4E28-B9C7-5F16891049F5} = {A1D2715E-F04D-4D1D-9AD6-725FCE7461F7}
		{C4418CF1-893E-40ED-9B44-9B489B02A6D7} = {A1D2715E-F04D-4D1D-9AD6-725FCE7461F7}
		{58F98D85-AEFE-4F6F-94B6-DACE81B90DB9} = {A1D2715E-F04D-4D1D-9AD6-725FCE7461F7}
		{4439DBDF-EC7A-4156-8F3C-738A0473CB0D} = {56C4744E-E780-47E2-AA91-5FE19F60DD3C}
		{45E2DEDD-E254-4E85-A8BE-C78DC9AA2B99} = {56C4744E-E780-47E2-AA91-5FE19F60DD3C}
		{EF6F3DC0-3C42-4156-85BC-99AC93DB6A77} = {56C4744E-E780-47E2-AA91-5FE19F60DD3C}
		{888A8E1E-644D-496D-B14C-39DF0509D784} = {AA3CABF2-C82E-4571-9DA9-779E95F9CC49}
		{AAAC06FC-C5D2-4884-8334-BA97DC3F4C66} = {AA3CABF2-C82E-4571-9DA9-779E95F9CC49}
		{B0EA79BC-6E3B-4A4D-B183-AF5A9703847A} = {AA3CABF2-C82E-4571-9DA9-779E95F9CC49}
		{38EC9EF3-42C1-4810-8A8F-26DD8C079ADD} = {C9716C11-27F9-4B4F-9950-0C9ECCC92F99}
		{56A4C405-4C15-4DDA-A41D-84A623976D67} = {C9716C11-27F9-4B4F-9950-0C9ECCC92F99}
		{39E4F9A4-0DCE-4B98-B598-A0B695447720} = {C9716C11-27F9-4B4F-9950-0C9ECCC92F99}
	EndGlobalSection
	GlobalSection(ExtensibilityGlobals) = postSolution
		SolutionGuid = {545C206C-A021-4DFF-805E-876DCEC63BFF}
	EndGlobalSection
EndGlobal
